{
  "name": "@amnisio/arduino-uno-examples",
  "version": "1.0.0",
  "lockfileVersion": 1,
  "dependencies": {
    "@amnisio/arduino-uno": {
      "version": "3.0.0",
      "resolved": "https://registry.npmjs.org/@amnisio/arduino-uno/-/arduino-uno-3.0.0.tgz",
      "integrity": "sha512-Q8qcMUsv7/kyvKNex6SZ02fwc8o8Ng0F2QGnbSvmbQrgMrvtNCLSuuANLRV/AUgVM/Hk0iStrw0QO7OEnp7Dig==",
      "dev": true
    },
    "@amnisio/rivulet": {
      "version": "3.0.0",
      "resolved": "https://registry.npmjs.org/@amnisio/rivulet/-/rivulet-3.0.0.tgz",
      "integrity": "sha512-M0oH5erSj2JMDLK9K4l7sfZnWwi90QpuNk5O0F0ktlg/rcAB8wtT4UOAGQUc/wHhA+fLy3K7OA0NDR9h0uvM2g==",
      "dev": true
    },
    "typescript": {
      "version": "2.4.1",
      "resolved": "https://registry.npmjs.org/typescript/-/typescript-2.4.1.tgz",
      "integrity": "sha1-w8yxbdqgsjFN4DHn5v7onlujRrw=",
      "dev": true
    }
  }
}
